// !$*UTF8*$!
{
	archiveVersion = 1;
	classes = {
	};
	objectVersion = 52;
	objects = {

/* Begin PBXAggregateTarget section */
		"KNContacts::KNContactsPackageTests::ProductTarget" /* KNContactsPackageTests */ = {
			isa = PBXAggregateTarget;
			buildConfigurationList = OBJ_39 /* Build configuration list for PBXAggregateTarget "KNContactsPackageTests" */;
			buildPhases = (
			);
			dependencies = (
				OBJ_42 /* PBXTargetDependency */,
			);
			name = KNContactsPackageTests;
			productName = KNContactsPackageTests;
		};
/* End PBXAggregateTarget section */

/* Begin PBXBuildFile section */
		C93CEEBE245D870B003C0EBA /* Extensions.swift in Sources */ = {isa = PBXBuildFile; fileRef = C93CEEBD245D870B003C0EBA /* Extensions.swift */; platformFilter = ios; };
		C93CEEC8245D87A9003C0EBA /* KNContactBookOrdering.swift in Sources */ = {isa = PBXBuildFile; fileRef = C93CEEC0245D87A9003C0EBA /* KNContactBookOrdering.swift */; platformFilter = ios; };
		C93CEEC9245D87A9003C0EBA /* KNDateTimeFormat.swift in Sources */ = {isa = PBXBuildFile; fileRef = C93CEEC1245D87A9003C0EBA /* KNDateTimeFormat.swift */; platformFilter = ios; };
		C93CEECA245D87A9003C0EBA /* KNContactsSchedule.swift in Sources */ = {isa = PBXBuildFile; fileRef = C93CEEC2245D87A9003C0EBA /* KNContactsSchedule.swift */; platformFilter = ios; };
		C93CEECB245D87A9003C0EBA /* KNContactBook.swift in Sources */ = {isa = PBXBuildFile; fileRef = C93CEEC3245D87A9003C0EBA /* KNContactBook.swift */; platformFilter = ios; };
		C93CEECC245D87A9003C0EBA /* KNDatesUtils.swift in Sources */ = {isa = PBXBuildFile; fileRef = C93CEEC4245D87A9003C0EBA /* KNDatesUtils.swift */; platformFilter = ios; };
		C93CEECE245D87A9003C0EBA /* KNContact.swift in Sources */ = {isa = PBXBuildFile; fileRef = C93CEEC7245D87A9003C0EBA /* KNContact.swift */; platformFilter = ios; };
		C93CEED9245D8958003C0EBA /* KNContactBookTests.swift in Sources */ = {isa = PBXBuildFile; fileRef = C93CEED3245D894E003C0EBA /* KNContactBookTests.swift */; };
		C93CEEDA245D8958003C0EBA /* KNContactScheduleTests.swift in Sources */ = {isa = PBXBuildFile; fileRef = C93CEED2245D894E003C0EBA /* KNContactScheduleTests.swift */; };
		C93CEEDB245D8958003C0EBA /* KNContactTests.swift in Sources */ = {isa = PBXBuildFile; fileRef = C93CEED1245D894E003C0EBA /* KNContactTests.swift */; };
		C93CEEDC245D8958003C0EBA /* KNDatesUtilsTests.swift in Sources */ = {isa = PBXBuildFile; fileRef = C93CEECF245D894E003C0EBA /* KNDatesUtilsTests.swift */; };
		C93CEEDD245D8958003C0EBA /* UnitTestsContactHelpers.swift in Sources */ = {isa = PBXBuildFile; fileRef = C93CEED0245D894E003C0EBA /* UnitTestsContactHelpers.swift */; };
		OBJ_54 /* KNContacts.framework in Frameworks */ = {isa = PBXBuildFile; fileRef = "KNContacts::KNContacts::Product" /* KNContacts.framework */; };
/* End PBXBuildFile section */

/* Begin PBXContainerItemProxy section */
		C93CEEA5245D7C31003C0EBA /* PBXContainerItemProxy */ = {
			isa = PBXContainerItemProxy;
			containerPortal = OBJ_1 /* Project object */;
			proxyType = 1;
			remoteGlobalIDString = "KNContacts::KNContacts";
			remoteInfo = KNContacts;
		};
		C93CEEA6245D7C32003C0EBA /* PBXContainerItemProxy */ = {
			isa = PBXContainerItemProxy;
			containerPortal = OBJ_1 /* Project object */;
			proxyType = 1;
			remoteGlobalIDString = "KNContacts::KNContactsTests";
			remoteInfo = KNContactsTests;
		};
/* End PBXContainerItemProxy section */

/* Begin PBXFileReference section */
		C93CEEBD245D870B003C0EBA /* Extensions.swift */ = {isa = PBXFileReference; fileEncoding = 4; lastKnownFileType = sourcecode.swift; name = Extensions.swift; path = Sources/Extensions.swift; sourceTree = "<group>"; };
		C93CEEBF245D8731003C0EBA /* Info.plist */ = {isa = PBXFileReference; lastKnownFileType = text.plist.xml; name = Info.plist; path = Tests/Info.plist; sourceTree = "<group>"; };
		C93CEEC0245D87A9003C0EBA /* KNContactBookOrdering.swift */ = {isa = PBXFileReference; fileEncoding = 4; lastKnownFileType = sourcecode.swift; name = KNContactBookOrdering.swift; path = Sources/KNContactBookOrdering.swift; sourceTree = "<group>"; };
		C93CEEC1245D87A9003C0EBA /* KNDateTimeFormat.swift */ = {isa = PBXFileReference; fileEncoding = 4; lastKnownFileType = sourcecode.swift; name = KNDateTimeFormat.swift; path = Sources/KNDateTimeFormat.swift; sourceTree = "<group>"; };
		C93CEEC2245D87A9003C0EBA /* KNContactsSchedule.swift */ = {isa = PBXFileReference; fileEncoding = 4; lastKnownFileType = sourcecode.swift; name = KNContactsSchedule.swift; path = Sources/KNContactsSchedule.swift; sourceTree = "<group>"; };
		C93CEEC3245D87A9003C0EBA /* KNContactBook.swift */ = {isa = PBXFileReference; fileEncoding = 4; lastKnownFileType = sourcecode.swift; name = KNContactBook.swift; path = Sources/KNContactBook.swift; sourceTree = "<group>"; };
		C93CEEC4245D87A9003C0EBA /* KNDatesUtils.swift */ = {isa = PBXFileReference; fileEncoding = 4; lastKnownFileType = sourcecode.swift; name = KNDatesUtils.swift; path = Sources/KNDatesUtils.swift; sourceTree = "<group>"; };
		C93CEEC5245D87A9003C0EBA /* Extensions.swift */ = {isa = PBXFileReference; fileEncoding = 4; lastKnownFileType = sourcecode.swift; name = Extensions.swift; path = Sources/Extensions.swift; sourceTree = "<group>"; };
		C93CEEC6245D87A9003C0EBA /* Info.plist */ = {isa = PBXFileReference; fileEncoding = 4; lastKnownFileType = text.plist.xml; name = Info.plist; path = Sources/Info.plist; sourceTree = "<group>"; };
		C93CEEC7245D87A9003C0EBA /* KNContact.swift */ = {isa = PBXFileReference; fileEncoding = 4; lastKnownFileType = sourcecode.swift; name = KNContact.swift; path = Sources/KNContact.swift; sourceTree = "<group>"; };
		C93CEECF245D894E003C0EBA /* KNDatesUtilsTests.swift */ = {isa = PBXFileReference; fileEncoding = 4; lastKnownFileType = sourcecode.swift; name = KNDatesUtilsTests.swift; path = Tests/KNDatesUtilsTests.swift; sourceTree = "<group>"; };
		C93CEED0245D894E003C0EBA /* UnitTestsContactHelpers.swift */ = {isa = PBXFileReference; fileEncoding = 4; lastKnownFileType = sourcecode.swift; name = UnitTestsContactHelpers.swift; path = Tests/UnitTestsContactHelpers.swift; sourceTree = "<group>"; };
		C93CEED1245D894E003C0EBA /* KNContactTests.swift */ = {isa = PBXFileReference; fileEncoding = 4; lastKnownFileType = sourcecode.swift; name = KNContactTests.swift; path = Tests/KNContactTests.swift; sourceTree = "<group>"; };
		C93CEED2245D894E003C0EBA /* KNContactScheduleTests.swift */ = {isa = PBXFileReference; fileEncoding = 4; lastKnownFileType = sourcecode.swift; name = KNContactScheduleTests.swift; path = Tests/KNContactScheduleTests.swift; sourceTree = "<group>"; };
		C93CEED3245D894E003C0EBA /* KNContactBookTests.swift */ = {isa = PBXFileReference; fileEncoding = 4; lastKnownFileType = sourcecode.swift; name = KNContactBookTests.swift; path = Tests/KNContactBookTests.swift; sourceTree = "<group>"; };
		C93CEEDE245D8961003C0EBA /* KNContactsTestPlan.xctestplan */ = {isa = PBXFileReference; lastKnownFileType = text; name = KNContactsTestPlan.xctestplan; path = Tests/KNContactsTestPlan.xctestplan; sourceTree = "<group>"; };
		"KNContacts::KNContacts::Product" /* KNContacts.framework */ = {isa = PBXFileReference; explicitFileType = wrapper.framework; path = KNContacts.framework; sourceTree = BUILT_PRODUCTS_DIR; };
		"KNContacts::KNContactsTests::Product" /* KNContactsTests.xctest */ = {isa = PBXFileReference; explicitFileType = wrapper.cfbundle; path = KNContactsTests.xctest; sourceTree = BUILT_PRODUCTS_DIR; };
		OBJ_22 /* LICENSE */ = {isa = PBXFileReference; lastKnownFileType = text; path = LICENSE; sourceTree = "<group>"; };
		OBJ_23 /* README.md */ = {isa = PBXFileReference; lastKnownFileType = net.daringfireball.markdown; path = README.md; sourceTree = "<group>"; };
		OBJ_24 /* KNContacts.podspec */ = {isa = PBXFileReference; lastKnownFileType = text; path = KNContacts.podspec; sourceTree = "<group>"; };
		OBJ_6 /* Package.swift */ = {isa = PBXFileReference; explicitFileType = sourcecode.swift; path = Package.swift; sourceTree = "<group>"; };
/* End PBXFileReference section */

/* Begin PBXFrameworksBuildPhase section */
		OBJ_31 /* Frameworks */ = {
			isa = PBXFrameworksBuildPhase;
			buildActionMask = 0;
			files = (
			);
			runOnlyForDeploymentPostprocessing = 0;
		};
		OBJ_53 /* Frameworks */ = {
			isa = PBXFrameworksBuildPhase;
			buildActionMask = 0;
			files = (
				OBJ_54 /* KNContacts.framework in Frameworks */,
			);
			runOnlyForDeploymentPostprocessing = 0;
		};
/* End PBXFrameworksBuildPhase section */

/* Begin PBXGroup section */
		C93CEEA7245D841A003C0EBA /* Frameworks */ = {
			isa = PBXGroup;
			children = (
			);
			name = Frameworks;
			sourceTree = "<group>";
		};
		OBJ_10 /* Tests */ = {
			isa = PBXGroup;
			children = (
				C93CEEBF245D8731003C0EBA /* Info.plist */,
				C93CEEDE245D8961003C0EBA /* KNContactsTestPlan.xctestplan */,
				C93CEED3245D894E003C0EBA /* KNContactBookTests.swift */,
				C93CEED2245D894E003C0EBA /* KNContactScheduleTests.swift */,
				C93CEED1245D894E003C0EBA /* KNContactTests.swift */,
				C93CEECF245D894E003C0EBA /* KNDatesUtilsTests.swift */,
				C93CEED0245D894E003C0EBA /* UnitTestsContactHelpers.swift */,
			);
			name = Tests;
			sourceTree = SOURCE_ROOT;
		};
		OBJ_19 /* Products */ = {
			isa = PBXGroup;
			children = (
				"KNContacts::KNContacts::Product" /* KNContacts.framework */,
				"KNContacts::KNContactsTests::Product" /* KNContactsTests.xctest */,
			);
			name = Products;
			sourceTree = BUILT_PRODUCTS_DIR;
		};
		OBJ_5 = {
			isa = PBXGroup;
			children = (
				OBJ_6 /* Package.swift */,
				OBJ_7 /* Sources */,
				OBJ_10 /* Tests */,
				OBJ_19 /* Products */,
				OBJ_22 /* LICENSE */,
				OBJ_23 /* README.md */,
				OBJ_24 /* KNContacts.podspec */,
				C93CEEA7245D841A003C0EBA /* Frameworks */,
			);
			sourceTree = "<group>";
		};
		OBJ_7 /* Sources */ = {
			isa = PBXGroup;
			children = (
				C93CEEC5245D87A9003C0EBA /* Extensions.swift */,
				C93CEEC6245D87A9003C0EBA /* Info.plist */,
				C93CEEC7245D87A9003C0EBA /* KNContact.swift */,
				C93CEEC3245D87A9003C0EBA /* KNContactBook.swift */,
				C93CEEC0245D87A9003C0EBA /* KNContactBookOrdering.swift */,
				C93CEEC2245D87A9003C0EBA /* KNContactsSchedule.swift */,
				C93CEEC4245D87A9003C0EBA /* KNDatesUtils.swift */,
				C93CEEC1245D87A9003C0EBA /* KNDateTimeFormat.swift */,
				C93CEEBD245D870B003C0EBA /* Extensions.swift */,
			);
			name = Sources;
			sourceTree = SOURCE_ROOT;
		};
/* End PBXGroup section */

/* Begin PBXNativeTarget section */
		"KNContacts::KNContacts" /* KNContacts */ = {
			isa = PBXNativeTarget;
			buildConfigurationList = OBJ_26 /* Build configuration list for PBXNativeTarget "KNContacts" */;
			buildPhases = (
				OBJ_29 /* Sources */,
				OBJ_31 /* Frameworks */,
			);
			buildRules = (
			);
			dependencies = (
			);
			name = KNContacts;
			productName = KNContacts;
			productReference = "KNContacts::KNContacts::Product" /* KNContacts.framework */;
			productType = "com.apple.product-type.framework";
		};
		"KNContacts::KNContactsTests" /* KNContactsTests */ = {
			isa = PBXNativeTarget;
			buildConfigurationList = OBJ_44 /* Build configuration list for PBXNativeTarget "KNContactsTests" */;
			buildPhases = (
				OBJ_47 /* Sources */,
				OBJ_53 /* Frameworks */,
			);
			buildRules = (
			);
			dependencies = (
				OBJ_55 /* PBXTargetDependency */,
			);
			name = KNContactsTests;
			productName = KNContactsTests;
			productReference = "KNContacts::KNContactsTests::Product" /* KNContactsTests.xctest */;
			productType = "com.apple.product-type.bundle.unit-test";
		};
/* End PBXNativeTarget section */

/* Begin PBXProject section */
		OBJ_1 /* Project object */ = {
			isa = PBXProject;
			attributes = {
				LastSwiftMigration = 9999;
				LastUpgradeCheck = 1140;
			};
			buildConfigurationList = OBJ_2 /* Build configuration list for PBXProject "KNContacts" */;
			compatibilityVersion = "Xcode 3.2";
			developmentRegion = en;
			hasScannedForEncodings = 0;
			knownRegions = (
				en,
				Base,
			);
			mainGroup = OBJ_5;
			productRefGroup = OBJ_19 /* Products */;
			projectDirPath = "";
			projectRoot = "";
			targets = (
				"KNContacts::KNContacts" /* KNContacts */,
				"KNContacts::KNContactsPackageTests::ProductTarget" /* KNContactsPackageTests */,
				"KNContacts::KNContactsTests" /* KNContactsTests */,
			);
		};
/* End PBXProject section */

/* Begin PBXSourcesBuildPhase section */
		OBJ_29 /* Sources */ = {
			isa = PBXSourcesBuildPhase;
			buildActionMask = 0;
			files = (
				C93CEEC8245D87A9003C0EBA /* KNContactBookOrdering.swift in Sources */,
				C93CEECE245D87A9003C0EBA /* KNContact.swift in Sources */,
				C93CEEC9245D87A9003C0EBA /* KNDateTimeFormat.swift in Sources */,
				C93CEECB245D87A9003C0EBA /* KNContactBook.swift in Sources */,
				C93CEECC245D87A9003C0EBA /* KNDatesUtils.swift in Sources */,
				C93CEECA245D87A9003C0EBA /* KNContactsSchedule.swift in Sources */,
				C93CEEBE245D870B003C0EBA /* Extensions.swift in Sources */,
			);
			runOnlyForDeploymentPostprocessing = 0;
		};
		OBJ_47 /* Sources */ = {
			isa = PBXSourcesBuildPhase;
			buildActionMask = 0;
			files = (
				C93CEED9245D8958003C0EBA /* KNContactBookTests.swift in Sources */,
				C93CEEDA245D8958003C0EBA /* KNContactScheduleTests.swift in Sources */,
				C93CEEDB245D8958003C0EBA /* KNContactTests.swift in Sources */,
				C93CEEDC245D8958003C0EBA /* KNDatesUtilsTests.swift in Sources */,
				C93CEEDD245D8958003C0EBA /* UnitTestsContactHelpers.swift in Sources */,
			);
			runOnlyForDeploymentPostprocessing = 0;
		};
/* End PBXSourcesBuildPhase section */

/* Begin PBXTargetDependency section */
		OBJ_42 /* PBXTargetDependency */ = {
			isa = PBXTargetDependency;
			target = "KNContacts::KNContactsTests" /* KNContactsTests */;
			targetProxy = C93CEEA6245D7C32003C0EBA /* PBXContainerItemProxy */;
		};
		OBJ_55 /* PBXTargetDependency */ = {
			isa = PBXTargetDependency;
			target = "KNContacts::KNContacts" /* KNContacts */;
			targetProxy = C93CEEA5245D7C31003C0EBA /* PBXContainerItemProxy */;
		};
/* End PBXTargetDependency section */

/* Begin XCBuildConfiguration section */
		OBJ_27 /* Debug */ = {
			isa = XCBuildConfiguration;
			buildSettings = {
				ENABLE_TESTABILITY = YES;
				FRAMEWORK_SEARCH_PATHS = (
					"$(inherited)",
					"$(PLATFORM_DIR)/Developer/Library/Frameworks",
				);
				HEADER_SEARCH_PATHS = "$(inherited)";
				INFOPLIST_FILE = KNContacts.xcodeproj/KNContacts_Info.plist;
				IPHONEOS_DEPLOYMENT_TARGET = 10.0;
				LD_RUNPATH_SEARCH_PATHS = (
					"$(inherited)",
					"$(TOOLCHAIN_DIR)/usr/lib/swift/macosx",
				);
				OTHER_CFLAGS = "$(inherited)";
				OTHER_LDFLAGS = "$(inherited)";
				OTHER_SWIFT_FLAGS = "$(inherited)";
				PRODUCT_BUNDLE_IDENTIFIER = KNContacts;
				PRODUCT_MODULE_NAME = "$(TARGET_NAME:c99extidentifier)";
				PRODUCT_NAME = "$(TARGET_NAME:c99extidentifier)";
				SKIP_INSTALL = YES;
				SUPPORTS_MACCATALYST = NO;
				SWIFT_ACTIVE_COMPILATION_CONDITIONS = "$(inherited)";
				SWIFT_VERSION = 5.0;
				TARGETED_DEVICE_FAMILY = 1;
				TARGET_NAME = KNContacts;
			};
			name = Debug;
		};
		OBJ_28 /* Release */ = {
			isa = XCBuildConfiguration;
			buildSettings = {
				ENABLE_TESTABILITY = YES;
				FRAMEWORK_SEARCH_PATHS = (
					"$(inherited)",
					"$(PLATFORM_DIR)/Developer/Library/Frameworks",
				);
				HEADER_SEARCH_PATHS = "$(inherited)";
				INFOPLIST_FILE = KNContacts.xcodeproj/KNContacts_Info.plist;
				IPHONEOS_DEPLOYMENT_TARGET = 10.0;
				LD_RUNPATH_SEARCH_PATHS = (
					"$(inherited)",
					"$(TOOLCHAIN_DIR)/usr/lib/swift/macosx",
				);
				OTHER_CFLAGS = "$(inherited)";
				OTHER_LDFLAGS = "$(inherited)";
				OTHER_SWIFT_FLAGS = "$(inherited)";
				PRODUCT_BUNDLE_IDENTIFIER = KNContacts;
				PRODUCT_MODULE_NAME = "$(TARGET_NAME:c99extidentifier)";
				PRODUCT_NAME = "$(TARGET_NAME:c99extidentifier)";
				SKIP_INSTALL = YES;
				SUPPORTS_MACCATALYST = NO;
				SWIFT_ACTIVE_COMPILATION_CONDITIONS = "$(inherited)";
				SWIFT_VERSION = 5.0;
				TARGETED_DEVICE_FAMILY = 1;
				TARGET_NAME = KNContacts;
			};
			name = Release;
		};
		OBJ_3 /* Debug */ = {
			isa = XCBuildConfiguration;
			buildSettings = {
				CLANG_ENABLE_OBJC_ARC = YES;
				CLANG_WARN_BLOCK_CAPTURE_AUTORELEASING = YES;
				CLANG_WARN_BOOL_CONVERSION = YES;
				CLANG_WARN_COMMA = YES;
				CLANG_WARN_CONSTANT_CONVERSION = YES;
				CLANG_WARN_DEPRECATED_OBJC_IMPLEMENTATIONS = YES;
				CLANG_WARN_EMPTY_BODY = YES;
				CLANG_WARN_ENUM_CONVERSION = YES;
				CLANG_WARN_INFINITE_RECURSION = YES;
				CLANG_WARN_INT_CONVERSION = YES;
				CLANG_WARN_NON_LITERAL_NULL_CONVERSION = YES;
				CLANG_WARN_OBJC_IMPLICIT_RETAIN_SELF = YES;
				CLANG_WARN_OBJC_LITERAL_CONVERSION = YES;
				CLANG_WARN_RANGE_LOOP_ANALYSIS = YES;
				CLANG_WARN_STRICT_PROTOTYPES = YES;
				CLANG_WARN_SUSPICIOUS_MOVE = YES;
				CLANG_WARN_UNREACHABLE_CODE = YES;
				CLANG_WARN__DUPLICATE_METHOD_MATCH = YES;
				COMBINE_HIDPI_IMAGES = YES;
				COPY_PHASE_STRIP = NO;
				DEBUG_INFORMATION_FORMAT = dwarf;
				DYLIB_INSTALL_NAME_BASE = "@rpath";
				ENABLE_NS_ASSERTIONS = YES;
				ENABLE_STRICT_OBJC_MSGSEND = YES;
				ENABLE_TESTABILITY = YES;
				GCC_NO_COMMON_BLOCKS = YES;
				GCC_OPTIMIZATION_LEVEL = 0;
				GCC_PREPROCESSOR_DEFINITIONS = (
					"$(inherited)",
					"SWIFT_PACKAGE=1",
					"DEBUG=1",
				);
				GCC_WARN_64_TO_32_BIT_CONVERSION = YES;
				GCC_WARN_ABOUT_RETURN_TYPE = YES;
				GCC_WARN_UNDECLARED_SELECTOR = YES;
				GCC_WARN_UNINITIALIZED_AUTOS = YES;
				GCC_WARN_UNUSED_FUNCTION = YES;
				GCC_WARN_UNUSED_VARIABLE = YES;
				IPHONEOS_DEPLOYMENT_TARGET = 10.0;
				ONLY_ACTIVE_ARCH = YES;
				OTHER_SWIFT_FLAGS = "$(inherited) -DXcode";
				PRODUCT_NAME = "$(TARGET_NAME)";
				SDKROOT = iphoneos;
				SUPPORTED_PLATFORMS = "iphonesimulator iphoneos";
				SWIFT_ACTIVE_COMPILATION_CONDITIONS = "$(inherited) SWIFT_PACKAGE DEBUG";
				SWIFT_OPTIMIZATION_LEVEL = "-Onone";
				USE_HEADERMAP = NO;
			};
			name = Debug;
		};
		OBJ_4 /* Release */ = {
			isa = XCBuildConfiguration;
			buildSettings = {
				CLANG_ENABLE_OBJC_ARC = YES;
				CLANG_WARN_BLOCK_CAPTURE_AUTORELEASING = YES;
				CLANG_WARN_BOOL_CONVERSION = YES;
				CLANG_WARN_COMMA = YES;
				CLANG_WARN_CONSTANT_CONVERSION = YES;
				CLANG_WARN_DEPRECATED_OBJC_IMPLEMENTATIONS = YES;
				CLANG_WARN_EMPTY_BODY = YES;
				CLANG_WARN_ENUM_CONVERSION = YES;
				CLANG_WARN_INFINITE_RECURSION = YES;
				CLANG_WARN_INT_CONVERSION = YES;
				CLANG_WARN_NON_LITERAL_NULL_CONVERSION = YES;
				CLANG_WARN_OBJC_IMPLICIT_RETAIN_SELF = YES;
				CLANG_WARN_OBJC_LITERAL_CONVERSION = YES;
				CLANG_WARN_RANGE_LOOP_ANALYSIS = YES;
				CLANG_WARN_STRICT_PROTOTYPES = YES;
				CLANG_WARN_SUSPICIOUS_MOVE = YES;
				CLANG_WARN_UNREACHABLE_CODE = YES;
				CLANG_WARN__DUPLICATE_METHOD_MATCH = YES;
				COMBINE_HIDPI_IMAGES = YES;
				COPY_PHASE_STRIP = YES;
				DEBUG_INFORMATION_FORMAT = "dwarf-with-dsym";
				DYLIB_INSTALL_NAME_BASE = "@rpath";
				ENABLE_STRICT_OBJC_MSGSEND = YES;
				GCC_NO_COMMON_BLOCKS = YES;
				GCC_OPTIMIZATION_LEVEL = s;
				GCC_PREPROCESSOR_DEFINITIONS = (
					"$(inherited)",
					"SWIFT_PACKAGE=1",
				);
				GCC_WARN_64_TO_32_BIT_CONVERSION = YES;
				GCC_WARN_ABOUT_RETURN_TYPE = YES;
				GCC_WARN_UNDECLARED_SELECTOR = YES;
				GCC_WARN_UNINITIALIZED_AUTOS = YES;
				GCC_WARN_UNUSED_FUNCTION = YES;
				GCC_WARN_UNUSED_VARIABLE = YES;
				IPHONEOS_DEPLOYMENT_TARGET = 10.0;
				OTHER_SWIFT_FLAGS = "$(inherited) -DXcode";
				PRODUCT_NAME = "$(TARGET_NAME)";
				SDKROOT = iphoneos;
				SUPPORTED_PLATFORMS = "iphonesimulator iphoneos";
				SWIFT_ACTIVE_COMPILATION_CONDITIONS = "$(inherited) SWIFT_PACKAGE";
				SWIFT_COMPILATION_MODE = wholemodule;
				SWIFT_OPTIMIZATION_LEVEL = "-O";
				USE_HEADERMAP = NO;
			};
			name = Release;
		};
		OBJ_40 /* Debug */ = {
			isa = XCBuildConfiguration;
			buildSettings = {
			};
			name = Debug;
		};
		OBJ_41 /* Release */ = {
			isa = XCBuildConfiguration;
			buildSettings = {
			};
			name = Release;
		};
		OBJ_45 /* Debug */ = {
			isa = XCBuildConfiguration;
			buildSettings = {
				ALWAYS_EMBED_SWIFT_STANDARD_LIBRARIES = YES;
				CLANG_ENABLE_MODULES = YES;
				FRAMEWORK_SEARCH_PATHS = (
					"$(inherited)",
					"$(PLATFORM_DIR)/Developer/Library/Frameworks",
				);
				HEADER_SEARCH_PATHS = "$(inherited)";
				INFOPLIST_FILE = KNContacts.xcodeproj/KNContactsTests_Info.plist;
				IPHONEOS_DEPLOYMENT_TARGET = 10.0;
				LD_RUNPATH_SEARCH_PATHS = (
					"$(inherited)",
					"@loader_path/../Frameworks",
					"@loader_path/Frameworks",
				);
				OTHER_CFLAGS = "$(inherited)";
				OTHER_LDFLAGS = "$(inherited)";
				OTHER_SWIFT_FLAGS = "$(inherited)";
				SWIFT_ACTIVE_COMPILATION_CONDITIONS = "$(inherited)";
				SWIFT_VERSION = 5.0;
				TARGET_NAME = KNContactsTests;
			};
			name = Debug;
		};
		OBJ_46 /* Release */ = {
			isa = XCBuildConfiguration;
			buildSettings = {
				ALWAYS_EMBED_SWIFT_STANDARD_LIBRARIES = YES;
				CLANG_ENABLE_MODULES = YES;
				FRAMEWORK_SEARCH_PATHS = (
					"$(inherited)",
					"$(PLATFORM_DIR)/Developer/Library/Frameworks",
				);
				HEADER_SEARCH_PATHS = "$(inherited)";
				INFOPLIST_FILE = KNContacts.xcodeproj/KNContactsTests_Info.plist;
				IPHONEOS_DEPLOYMENT_TARGET = 10.0;
				LD_RUNPATH_SEARCH_PATHS = (
					"$(inherited)",
					"@loader_path/../Frameworks",
					"@loader_path/Frameworks",
				);
				OTHER_CFLAGS = "$(inherited)";
				OTHER_LDFLAGS = "$(inherited)";
				OTHER_SWIFT_FLAGS = "$(inherited)";
				SWIFT_ACTIVE_COMPILATION_CONDITIONS = "$(inherited)";
				SWIFT_VERSION = 5.0;
				TARGET_NAME = KNContactsTests;
			};
			name = Release;
		};
/* End XCBuildConfiguration section */

/* Begin XCConfigurationList section */
		OBJ_2 /* Build configuration list for PBXProject "KNContacts" */ = {
			isa = XCConfigurationList;
			buildConfigurations = (
				OBJ_3 /* Debug */,
				OBJ_4 /* Release */,
			);
			defaultConfigurationIsVisible = 0;
			defaultConfigurationName = Release;
		};
		OBJ_26 /* Build configuration list for PBXNativeTarget "KNContacts" */ = {
			isa = XCConfigurationList;
			buildConfigurations = (
				OBJ_27 /* Debug */,
				OBJ_28 /* Release */,
			);
			defaultConfigurationIsVisible = 0;
			defaultConfigurationName = Release;
		};
		OBJ_39 /* Build configuration list for PBXAggregateTarget "KNContactsPackageTests" */ = {
			isa = XCConfigurationList;
			buildConfigurations = (
				OBJ_40 /* Debug */,
				OBJ_41 /* Release */,
			);
			defaultConfigurationIsVisible = 0;
			defaultConfigurationName = Release;
		};
		OBJ_44 /* Build configuration list for PBXNativeTarget "KNContactsTests" */ = {
			isa = XCConfigurationList;
			buildConfigurations = (
				OBJ_45 /* Debug */,
				OBJ_46 /* Release */,
			);
			defaultConfigurationIsVisible = 0;
			defaultConfigurationName = Release;
		};
/* End XCConfigurationList section */
	};
	rootObject = OBJ_1 /* Project object */;
}
