// !$*UTF8*$!
{
	archiveVersion = 1;
	classes = {
	};
	objectVersion = 50;
	objects = {

/* Begin PBXBuildFile section */
		156E1CE8224FCBEE00D58B8F /* KNContacts.framework in Frameworks */ = {isa = PBXBuildFile; fileRef = 156E1CDE224FCBEE00D58B8F /* KNContacts.framework */; };
		156E1CFC224FD40200D58B8F /* KNDatesUtils.swift in Sources */ = {isa = PBXBuildFile; fileRef = 156E1CF8224FD40200D58B8F /* KNDatesUtils.swift */; };
		156E1CFD224FD40200D58B8F /* KNContactsSchedule.swift in Sources */ = {isa = PBXBuildFile; fileRef = 156E1CF9224FD40200D58B8F /* KNContactsSchedule.swift */; };
		156E1CFE224FD40200D58B8F /* KNContact.swift in Sources */ = {isa = PBXBuildFile; fileRef = 156E1CFA224FD40200D58B8F /* KNContact.swift */; };
		156E1CFF224FD40200D58B8F /* KNContactBook.swift in Sources */ = {isa = PBXBuildFile; fileRef = 156E1CFB224FD40200D58B8F /* KNContactBook.swift */; };
		156E1D04224FD45100D58B8F /* KNContactBookTests.swift in Sources */ = {isa = PBXBuildFile; fileRef = 156E1D01224FD45100D58B8F /* KNContactBookTests.swift */; };
		156E1D05224FD45100D58B8F /* KNContactScheduleTests.swift in Sources */ = {isa = PBXBuildFile; fileRef = 156E1D02224FD45100D58B8F /* KNContactScheduleTests.swift */; };
		156E1D06224FD45100D58B8F /* KNContactTests.swift in Sources */ = {isa = PBXBuildFile; fileRef = 156E1D03224FD45100D58B8F /* KNContactTests.swift */; };
		156E1D07224FD49500D58B8F /* KNDatesUtils.swift in Sources */ = {isa = PBXBuildFile; fileRef = 156E1CF8224FD40200D58B8F /* KNDatesUtils.swift */; };
		156E1D08224FD49500D58B8F /* KNContact.swift in Sources */ = {isa = PBXBuildFile; fileRef = 156E1CFA224FD40200D58B8F /* KNContact.swift */; };
		156E1D09224FD49500D58B8F /* KNContactBook.swift in Sources */ = {isa = PBXBuildFile; fileRef = 156E1CFB224FD40200D58B8F /* KNContactBook.swift */; };
		156E1D0A224FD49500D58B8F /* KNContactsSchedule.swift in Sources */ = {isa = PBXBuildFile; fileRef = 156E1CF9224FD40200D58B8F /* KNContactsSchedule.swift */; };
		156E1D0C224FD4EE00D58B8F /* Extensions.swift in Sources */ = {isa = PBXBuildFile; fileRef = 156E1D0B224FD4EE00D58B8F /* Extensions.swift */; };
		156E1D0E224FD57000D58B8F /* Extensions.swift in Sources */ = {isa = PBXBuildFile; fileRef = 156E1D0B224FD4EE00D58B8F /* Extensions.swift */; };
		156E1D10224FD5F700D58B8F /* UnitTestsContactHelpers.swift in Sources */ = {isa = PBXBuildFile; fileRef = 156E1D0F224FD5F700D58B8F /* UnitTestsContactHelpers.swift */; };
		156E1D122251873400D58B8F /* KNContactBookOrdering.swift in Sources */ = {isa = PBXBuildFile; fileRef = 156E1D112251873400D58B8F /* KNContactBookOrdering.swift */; };
		156E1D132251874800D58B8F /* KNContactBookOrdering.swift in Sources */ = {isa = PBXBuildFile; fileRef = 156E1D112251873400D58B8F /* KNContactBookOrdering.swift */; };
		156E1D152251882800D58B8F /* KNTimeFormat.swift in Sources */ = {isa = PBXBuildFile; fileRef = 156E1D142251882800D58B8F /* KNTimeFormat.swift */; };
		156E1D162251883700D58B8F /* KNTimeFormat.swift in Sources */ = {isa = PBXBuildFile; fileRef = 156E1D142251882800D58B8F /* KNTimeFormat.swift */; };
		15E9EBF922B00E480006A743 /* KNDatesUtilsTests.swift in Sources */ = {isa = PBXBuildFile; fileRef = 15E9EBF822B00E480006A743 /* KNDatesUtilsTests.swift */; };
		15EA3F49225A636D003F0201 /* README.md in Resources */ = {isa = PBXBuildFile; fileRef = 15EA3F48225A636D003F0201 /* README.md */; };
/* End PBXBuildFile section */

/* Begin PBXContainerItemProxy section */
		156E1CE9224FCBEE00D58B8F /* PBXContainerItemProxy */ = {
			isa = PBXContainerItemProxy;
			containerPortal = 156E1CD5224FCBEE00D58B8F /* Project object */;
			proxyType = 1;
			remoteGlobalIDString = 156E1CDD224FCBEE00D58B8F;
			remoteInfo = KNContacts;
		};
/* End PBXContainerItemProxy section */

/* Begin PBXFileReference section */
		156E1CDE224FCBEE00D58B8F /* KNContacts.framework */ = {isa = PBXFileReference; explicitFileType = wrapper.framework; includeInIndex = 0; path = KNContacts.framework; sourceTree = BUILT_PRODUCTS_DIR; };
		156E1CE2224FCBEE00D58B8F /* Info.plist */ = {isa = PBXFileReference; lastKnownFileType = text.plist.xml; path = Info.plist; sourceTree = "<group>"; };
		156E1CE7224FCBEE00D58B8F /* KNContactsTests.xctest */ = {isa = PBXFileReference; explicitFileType = wrapper.cfbundle; includeInIndex = 0; path = KNContactsTests.xctest; sourceTree = BUILT_PRODUCTS_DIR; };
		156E1CEE224FCBEE00D58B8F /* Info.plist */ = {isa = PBXFileReference; lastKnownFileType = text.plist.xml; path = Info.plist; sourceTree = "<group>"; };
		156E1CF8224FD40200D58B8F /* KNDatesUtils.swift */ = {isa = PBXFileReference; fileEncoding = 4; lastKnownFileType = sourcecode.swift; path = KNDatesUtils.swift; sourceTree = "<group>"; };
		156E1CF9224FD40200D58B8F /* KNContactsSchedule.swift */ = {isa = PBXFileReference; fileEncoding = 4; lastKnownFileType = sourcecode.swift; path = KNContactsSchedule.swift; sourceTree = "<group>"; };
		156E1CFA224FD40200D58B8F /* KNContact.swift */ = {isa = PBXFileReference; fileEncoding = 4; lastKnownFileType = sourcecode.swift; path = KNContact.swift; sourceTree = "<group>"; };
		156E1CFB224FD40200D58B8F /* KNContactBook.swift */ = {isa = PBXFileReference; fileEncoding = 4; lastKnownFileType = sourcecode.swift; path = KNContactBook.swift; sourceTree = "<group>"; };
		156E1D01224FD45100D58B8F /* KNContactBookTests.swift */ = {isa = PBXFileReference; fileEncoding = 4; lastKnownFileType = sourcecode.swift; path = KNContactBookTests.swift; sourceTree = "<group>"; };
		156E1D02224FD45100D58B8F /* KNContactScheduleTests.swift */ = {isa = PBXFileReference; fileEncoding = 4; lastKnownFileType = sourcecode.swift; path = KNContactScheduleTests.swift; sourceTree = "<group>"; };
		156E1D03224FD45100D58B8F /* KNContactTests.swift */ = {isa = PBXFileReference; fileEncoding = 4; lastKnownFileType = sourcecode.swift; path = KNContactTests.swift; sourceTree = "<group>"; };
		156E1D0B224FD4EE00D58B8F /* Extensions.swift */ = {isa = PBXFileReference; lastKnownFileType = sourcecode.swift; path = Extensions.swift; sourceTree = "<group>"; };
		156E1D0F224FD5F700D58B8F /* UnitTestsContactHelpers.swift */ = {isa = PBXFileReference; fileEncoding = 4; lastKnownFileType = sourcecode.swift; path = UnitTestsContactHelpers.swift; sourceTree = "<group>"; };
		156E1D112251873400D58B8F /* KNContactBookOrdering.swift */ = {isa = PBXFileReference; lastKnownFileType = sourcecode.swift; path = KNContactBookOrdering.swift; sourceTree = "<group>"; };
		156E1D142251882800D58B8F /* KNTimeFormat.swift */ = {isa = PBXFileReference; lastKnownFileType = sourcecode.swift; path = KNTimeFormat.swift; sourceTree = "<group>"; };
		15E9EBF822B00E480006A743 /* KNDatesUtilsTests.swift */ = {isa = PBXFileReference; lastKnownFileType = sourcecode.swift; path = KNDatesUtilsTests.swift; sourceTree = "<group>"; };
		15EA3F48225A636D003F0201 /* README.md */ = {isa = PBXFileReference; fileEncoding = 4; lastKnownFileType = net.daringfireball.markdown; path = README.md; sourceTree = "<group>"; };
/* End PBXFileReference section */

/* Begin PBXFrameworksBuildPhase section */
		156E1CDB224FCBEE00D58B8F /* Frameworks */ = {
			isa = PBXFrameworksBuildPhase;
			buildActionMask = 2147483647;
			files = (
			);
			runOnlyForDeploymentPostprocessing = 0;
		};
		156E1CE4224FCBEE00D58B8F /* Frameworks */ = {
			isa = PBXFrameworksBuildPhase;
			buildActionMask = 2147483647;
			files = (
				156E1CE8224FCBEE00D58B8F /* KNContacts.framework in Frameworks */,
			);
			runOnlyForDeploymentPostprocessing = 0;
		};
/* End PBXFrameworksBuildPhase section */

/* Begin PBXGroup section */
		156E1CD4224FCBEE00D58B8F = {
			isa = PBXGroup;
			children = (
				15EA3F48225A636D003F0201 /* README.md */,
				156E1CE0224FCBEE00D58B8F /* KNContacts */,
				156E1CEB224FCBEE00D58B8F /* KNContactsTests */,
				156E1CDF224FCBEE00D58B8F /* Products */,
			);
			sourceTree = "<group>";
		};
		156E1CDF224FCBEE00D58B8F /* Products */ = {
			isa = PBXGroup;
			children = (
				156E1CDE224FCBEE00D58B8F /* KNContacts.framework */,
				156E1CE7224FCBEE00D58B8F /* KNContactsTests.xctest */,
			);
			name = Products;
			sourceTree = "<group>";
		};
		156E1CE0224FCBEE00D58B8F /* KNContacts */ = {
			isa = PBXGroup;
			children = (
				156E1CE2224FCBEE00D58B8F /* Info.plist */,
				156E1D0B224FD4EE00D58B8F /* Extensions.swift */,
				156E1D142251882800D58B8F /* KNTimeFormat.swift */,
				156E1CF8224FD40200D58B8F /* KNDatesUtils.swift */,
				156E1CFA224FD40200D58B8F /* KNContact.swift */,
				156E1CFB224FD40200D58B8F /* KNContactBook.swift */,
				156E1CF9224FD40200D58B8F /* KNContactsSchedule.swift */,
				156E1D112251873400D58B8F /* KNContactBookOrdering.swift */,
			);
			path = KNContacts;
			sourceTree = "<group>";
		};
		156E1CEB224FCBEE00D58B8F /* KNContactsTests */ = {
			isa = PBXGroup;
			children = (
				156E1D0F224FD5F700D58B8F /* UnitTestsContactHelpers.swift */,
				15E9EBF822B00E480006A743 /* KNDatesUtilsTests.swift */,
				156E1D01224FD45100D58B8F /* KNContactBookTests.swift */,
				156E1D02224FD45100D58B8F /* KNContactScheduleTests.swift */,
				156E1D03224FD45100D58B8F /* KNContactTests.swift */,
				156E1CEE224FCBEE00D58B8F /* Info.plist */,
			);
			path = KNContactsTests;
			sourceTree = "<group>";
		};
/* End PBXGroup section */

/* Begin PBXHeadersBuildPhase section */
		156E1CD9224FCBEE00D58B8F /* Headers */ = {
			isa = PBXHeadersBuildPhase;
			buildActionMask = 2147483647;
			files = (
			);
			runOnlyForDeploymentPostprocessing = 0;
		};
/* End PBXHeadersBuildPhase section */

/* Begin PBXNativeTarget section */
		156E1CDD224FCBEE00D58B8F /* KNContacts */ = {
			isa = PBXNativeTarget;
			buildConfigurationList = 156E1CF2224FCBEE00D58B8F /* Build configuration list for PBXNativeTarget "KNContacts" */;
			buildPhases = (
				156E1CD9224FCBEE00D58B8F /* Headers */,
				156E1CDA224FCBEE00D58B8F /* Sources */,
				156E1CDB224FCBEE00D58B8F /* Frameworks */,
				156E1CDC224FCBEE00D58B8F /* Resources */,
			);
			buildRules = (
			);
			dependencies = (
			);
			name = KNContacts;
			productName = KNContacts;
			productReference = 156E1CDE224FCBEE00D58B8F /* KNContacts.framework */;
			productType = "com.apple.product-type.framework";
		};
		156E1CE6224FCBEE00D58B8F /* KNContactsTests */ = {
			isa = PBXNativeTarget;
			buildConfigurationList = 156E1CF5224FCBEE00D58B8F /* Build configuration list for PBXNativeTarget "KNContactsTests" */;
			buildPhases = (
				156E1CE3224FCBEE00D58B8F /* Sources */,
				156E1CE4224FCBEE00D58B8F /* Frameworks */,
				156E1CE5224FCBEE00D58B8F /* Resources */,
			);
			buildRules = (
			);
			dependencies = (
				156E1CEA224FCBEE00D58B8F /* PBXTargetDependency */,
			);
			name = KNContactsTests;
			productName = KNContactsTests;
			productReference = 156E1CE7224FCBEE00D58B8F /* KNContactsTests.xctest */;
			productType = "com.apple.product-type.bundle.unit-test";
		};
/* End PBXNativeTarget section */

/* Begin PBXProject section */
		156E1CD5224FCBEE00D58B8F /* Project object */ = {
			isa = PBXProject;
			attributes = {
				LastSwiftUpdateCheck = 1020;
				LastUpgradeCheck = 1020;
				ORGANIZATIONNAME = "Dragos-Robert Neagu";
				TargetAttributes = {
					156E1CDD224FCBEE00D58B8F = {
						CreatedOnToolsVersion = 10.2;
						LastSwiftMigration = 1020;
					};
					156E1CE6224FCBEE00D58B8F = {
						CreatedOnToolsVersion = 10.2;
						LastSwiftMigration = 1020;
					};
				};
			};
			buildConfigurationList = 156E1CD8224FCBEE00D58B8F /* Build configuration list for PBXProject "KNContacts" */;
			compatibilityVersion = "Xcode 9.3";
			developmentRegion = en;
			hasScannedForEncodings = 0;
			knownRegions = (
				en,
				Base,
			);
			mainGroup = 156E1CD4224FCBEE00D58B8F;
			productRefGroup = 156E1CDF224FCBEE00D58B8F /* Products */;
			projectDirPath = "";
			projectRoot = "";
			targets = (
				156E1CDD224FCBEE00D58B8F /* KNContacts */,
				156E1CE6224FCBEE00D58B8F /* KNContactsTests */,
			);
		};
/* End PBXProject section */

/* Begin PBXResourcesBuildPhase section */
		156E1CDC224FCBEE00D58B8F /* Resources */ = {
			isa = PBXResourcesBuildPhase;
			buildActionMask = 2147483647;
			files = (
				15EA3F49225A636D003F0201 /* README.md in Resources */,
			);
			runOnlyForDeploymentPostprocessing = 0;
		};
		156E1CE5224FCBEE00D58B8F /* Resources */ = {
			isa = PBXResourcesBuildPhase;
			buildActionMask = 2147483647;
			files = (
			);
			runOnlyForDeploymentPostprocessing = 0;
		};
/* End PBXResourcesBuildPhase section */

/* Begin PBXSourcesBuildPhase section */
		156E1CDA224FCBEE00D58B8F /* Sources */ = {
			isa = PBXSourcesBuildPhase;
			buildActionMask = 2147483647;
			files = (
				156E1CFE224FD40200D58B8F /* KNContact.swift in Sources */,
				156E1CFD224FD40200D58B8F /* KNContactsSchedule.swift in Sources */,
				156E1D152251882800D58B8F /* KNTimeFormat.swift in Sources */,
				156E1D0C224FD4EE00D58B8F /* Extensions.swift in Sources */,
				156E1CFF224FD40200D58B8F /* KNContactBook.swift in Sources */,
				156E1D122251873400D58B8F /* KNContactBookOrdering.swift in Sources */,
				156E1CFC224FD40200D58B8F /* KNDatesUtils.swift in Sources */,
			);
			runOnlyForDeploymentPostprocessing = 0;
		};
		156E1CE3224FCBEE00D58B8F /* Sources */ = {
			isa = PBXSourcesBuildPhase;
			buildActionMask = 2147483647;
			files = (
				156E1D0A224FD49500D58B8F /* KNContactsSchedule.swift in Sources */,
				156E1D06224FD45100D58B8F /* KNContactTests.swift in Sources */,
				156E1D07224FD49500D58B8F /* KNDatesUtils.swift in Sources */,
				156E1D0E224FD57000D58B8F /* Extensions.swift in Sources */,
				15E9EBF922B00E480006A743 /* KNDatesUtilsTests.swift in Sources */,
				156E1D05224FD45100D58B8F /* KNContactScheduleTests.swift in Sources */,
				156E1D162251883700D58B8F /* KNTimeFormat.swift in Sources */,
				156E1D10224FD5F700D58B8F /* UnitTestsContactHelpers.swift in Sources */,
				156E1D132251874800D58B8F /* KNContactBookOrdering.swift in Sources */,
				156E1D08224FD49500D58B8F /* KNContact.swift in Sources */,
				156E1D09224FD49500D58B8F /* KNContactBook.swift in Sources */,
				156E1D04224FD45100D58B8F /* KNContactBookTests.swift in Sources */,
			);
			runOnlyForDeploymentPostprocessing = 0;
		};
/* End PBXSourcesBuildPhase section */

/* Begin PBXTargetDependency section */
		156E1CEA224FCBEE00D58B8F /* PBXTargetDependency */ = {
			isa = PBXTargetDependency;
			target = 156E1CDD224FCBEE00D58B8F /* KNContacts */;
			targetProxy = 156E1CE9224FCBEE00D58B8F /* PBXContainerItemProxy */;
		};
/* End PBXTargetDependency section */

/* Begin XCBuildConfiguration section */
		156E1CF0224FCBEE00D58B8F /* Debug */ = {
			isa = XCBuildConfiguration;
			buildSettings = {
				ALWAYS_SEARCH_USER_PATHS = NO;
				CLANG_ANALYZER_NONNULL = YES;
				CLANG_ANALYZER_NUMBER_OBJECT_CONVERSION = YES_AGGRESSIVE;
				CLANG_CXX_LANGUAGE_STANDARD = "gnu++14";
				CLANG_CXX_LIBRARY = "libc++";
				CLANG_ENABLE_MODULES = YES;
				CLANG_ENABLE_OBJC_ARC = YES;
				CLANG_ENABLE_OBJC_WEAK = YES;
				CLANG_WARN_BLOCK_CAPTURE_AUTORELEASING = YES;
				CLANG_WARN_BOOL_CONVERSION = YES;
				CLANG_WARN_COMMA = YES;
				CLANG_WARN_CONSTANT_CONVERSION = YES;
				CLANG_WARN_DEPRECATED_OBJC_IMPLEMENTATIONS = YES;
				CLANG_WARN_DIRECT_OBJC_ISA_USAGE = YES_ERROR;
				CLANG_WARN_DOCUMENTATION_COMMENTS = YES;
				CLANG_WARN_EMPTY_BODY = YES;
				CLANG_WARN_ENUM_CONVERSION = YES;
				CLANG_WARN_INFINITE_RECURSION = YES;
				CLANG_WARN_INT_CONVERSION = YES;
				CLANG_WARN_NON_LITERAL_NULL_CONVERSION = YES;
				CLANG_WARN_OBJC_IMPLICIT_RETAIN_SELF = YES;
				CLANG_WARN_OBJC_LITERAL_CONVERSION = YES;
				CLANG_WARN_OBJC_ROOT_CLASS = YES_ERROR;
				CLANG_WARN_RANGE_LOOP_ANALYSIS = YES;
				CLANG_WARN_STRICT_PROTOTYPES = YES;
				CLANG_WARN_SUSPICIOUS_MOVE = YES;
				CLANG_WARN_UNGUARDED_AVAILABILITY = YES_AGGRESSIVE;
				CLANG_WARN_UNREACHABLE_CODE = YES;
				CLANG_WARN__DUPLICATE_METHOD_MATCH = YES;
				CODE_SIGN_IDENTITY = "iPhone Developer";
				COPY_PHASE_STRIP = NO;
				CURRENT_PROJECT_VERSION = 1;
				DEBUG_INFORMATION_FORMAT = dwarf;
				ENABLE_STRICT_OBJC_MSGSEND = YES;
				ENABLE_TESTABILITY = YES;
				GCC_C_LANGUAGE_STANDARD = gnu11;
				GCC_DYNAMIC_NO_PIC = NO;
				GCC_NO_COMMON_BLOCKS = YES;
				GCC_OPTIMIZATION_LEVEL = 0;
				GCC_PREPROCESSOR_DEFINITIONS = (
					"DEBUG=1",
					"$(inherited)",
				);
				GCC_WARN_64_TO_32_BIT_CONVERSION = YES;
				GCC_WARN_ABOUT_RETURN_TYPE = YES_ERROR;
				GCC_WARN_UNDECLARED_SELECTOR = YES;
				GCC_WARN_UNINITIALIZED_AUTOS = YES_AGGRESSIVE;
				GCC_WARN_UNUSED_FUNCTION = YES;
				GCC_WARN_UNUSED_VARIABLE = YES;
				IPHONEOS_DEPLOYMENT_TARGET = 10.0;
				MTL_ENABLE_DEBUG_INFO = INCLUDE_SOURCE;
				MTL_FAST_MATH = YES;
				ONLY_ACTIVE_ARCH = YES;
				SDKROOT = iphoneos;
				SWIFT_ACTIVE_COMPILATION_CONDITIONS = DEBUG;
				SWIFT_OPTIMIZATION_LEVEL = "-Onone";
				SWIFT_VERSION = 5.0;
				VERSIONING_SYSTEM = "apple-generic";
				VERSION_INFO_PREFIX = "";
			};
			name = Debug;
		};
		156E1CF1224FCBEE00D58B8F /* Release */ = {
			isa = XCBuildConfiguration;
			buildSettings = {
				ALWAYS_SEARCH_USER_PATHS = NO;
				CLANG_ANALYZER_NONNULL = YES;
				CLANG_ANALYZER_NUMBER_OBJECT_CONVERSION = YES_AGGRESSIVE;
				CLANG_CXX_LANGUAGE_STANDARD = "gnu++14";
				CLANG_CXX_LIBRARY = "libc++";
				CLANG_ENABLE_MODULES = YES;
				CLANG_ENABLE_OBJC_ARC = YES;
				CLANG_ENABLE_OBJC_WEAK = YES;
				CLANG_WARN_BLOCK_CAPTURE_AUTORELEASING = YES;
				CLANG_WARN_BOOL_CONVERSION = YES;
				CLANG_WARN_COMMA = YES;
				CLANG_WARN_CONSTANT_CONVERSION = YES;
				CLANG_WARN_DEPRECATED_OBJC_IMPLEMENTATIONS = YES;
				CLANG_WARN_DIRECT_OBJC_ISA_USAGE = YES_ERROR;
				CLANG_WARN_DOCUMENTATION_COMMENTS = YES;
				CLANG_WARN_EMPTY_BODY = YES;
				CLANG_WARN_ENUM_CONVERSION = YES;
				CLANG_WARN_INFINITE_RECURSION = YES;
				CLANG_WARN_INT_CONVERSION = YES;
				CLANG_WARN_NON_LITERAL_NULL_CONVERSION = YES;
				CLANG_WARN_OBJC_IMPLICIT_RETAIN_SELF = YES;
				CLANG_WARN_OBJC_LITERAL_CONVERSION = YES;
				CLANG_WARN_OBJC_ROOT_CLASS = YES_ERROR;
				CLANG_WARN_RANGE_LOOP_ANALYSIS = YES;
				CLANG_WARN_STRICT_PROTOTYPES = YES;
				CLANG_WARN_SUSPICIOUS_MOVE = YES;
				CLANG_WARN_UNGUARDED_AVAILABILITY = YES_AGGRESSIVE;
				CLANG_WARN_UNREACHABLE_CODE = YES;
				CLANG_WARN__DUPLICATE_METHOD_MATCH = YES;
				CODE_SIGN_IDENTITY = "iPhone Developer";
				COPY_PHASE_STRIP = NO;
				CURRENT_PROJECT_VERSION = 1;
				DEBUG_INFORMATION_FORMAT = "dwarf-with-dsym";
				ENABLE_NS_ASSERTIONS = NO;
				ENABLE_STRICT_OBJC_MSGSEND = YES;
				GCC_C_LANGUAGE_STANDARD = gnu11;
				GCC_NO_COMMON_BLOCKS = YES;
				GCC_WARN_64_TO_32_BIT_CONVERSION = YES;
				GCC_WARN_ABOUT_RETURN_TYPE = YES_ERROR;
				GCC_WARN_UNDECLARED_SELECTOR = YES;
				GCC_WARN_UNINITIALIZED_AUTOS = YES_AGGRESSIVE;
				GCC_WARN_UNUSED_FUNCTION = YES;
				GCC_WARN_UNUSED_VARIABLE = YES;
				IPHONEOS_DEPLOYMENT_TARGET = 10.0;
				MTL_ENABLE_DEBUG_INFO = NO;
				MTL_FAST_MATH = YES;
				SDKROOT = iphoneos;
				SWIFT_COMPILATION_MODE = wholemodule;
				SWIFT_OPTIMIZATION_LEVEL = "-O";
				SWIFT_VERSION = 5.0;
				VALIDATE_PRODUCT = YES;
				VERSIONING_SYSTEM = "apple-generic";
				VERSION_INFO_PREFIX = "";
			};
			name = Release;
		};
		156E1CF3224FCBEE00D58B8F /* Debug */ = {
			isa = XCBuildConfiguration;
			buildSettings = {
				CLANG_ENABLE_MODULES = YES;
				CODE_SIGN_IDENTITY = "";
				CODE_SIGN_STYLE = Automatic;
				DEFINES_MODULE = YES;
				DEVELOPMENT_TEAM = 8UXEK92PP3;
				DYLIB_COMPATIBILITY_VERSION = 1;
				DYLIB_CURRENT_VERSION = 1;
				DYLIB_INSTALL_NAME_BASE = "@rpath";
				INFOPLIST_FILE = KNContacts/Info.plist;
				INSTALL_PATH = "$(LOCAL_LIBRARY_DIR)/Frameworks";
				IPHONEOS_DEPLOYMENT_TARGET = 10.0;
				LD_RUNPATH_SEARCH_PATHS = (
					"$(inherited)",
					"@executable_path/Frameworks",
					"@loader_path/Frameworks",
				);
				PRODUCT_BUNDLE_IDENTIFIER = com.dragosneagu.KNContacts;
				PRODUCT_NAME = "$(TARGET_NAME:c99extidentifier)";
				SKIP_INSTALL = YES;
				SWIFT_OPTIMIZATION_LEVEL = "-Onone";
				SWIFT_VERSION = 5.0;
				TARGETED_DEVICE_FAMILY = "1,2";
			};
			name = Debug;
		};
		156E1CF4224FCBEE00D58B8F /* Release */ = {
			isa = XCBuildConfiguration;
			buildSettings = {
				CLANG_ENABLE_MODULES = YES;
				CODE_SIGN_IDENTITY = "";
				CODE_SIGN_STYLE = Automatic;
				DEFINES_MODULE = YES;
				DEVELOPMENT_TEAM = 8UXEK92PP3;
				DYLIB_COMPATIBILITY_VERSION = 1;
				DYLIB_CURRENT_VERSION = 1;
				DYLIB_INSTALL_NAME_BASE = "@rpath";
				INFOPLIST_FILE = KNContacts/Info.plist;
				INSTALL_PATH = "$(LOCAL_LIBRARY_DIR)/Frameworks";
				IPHONEOS_DEPLOYMENT_TARGET = 10.0;
				LD_RUNPATH_SEARCH_PATHS = (
					"$(inherited)",
					"@executable_path/Frameworks",
					"@loader_path/Frameworks",
				);
				PRODUCT_BUNDLE_IDENTIFIER = com.dragosneagu.KNContacts;
				PRODUCT_NAME = "$(TARGET_NAME:c99extidentifier)";
				SKIP_INSTALL = YES;
				SWIFT_VERSION = 5.0;
				TARGETED_DEVICE_FAMILY = "1,2";
			};
			name = Release;
		};
		156E1CF6224FCBEE00D58B8F /* Debug */ = {
			isa = XCBuildConfiguration;
			buildSettings = {
				ALWAYS_EMBED_SWIFT_STANDARD_LIBRARIES = YES;
				CLANG_ENABLE_MODULES = YES;
				CODE_SIGN_STYLE = Automatic;
				DEVELOPMENT_TEAM = 8UXEK92PP3;
				INFOPLIST_FILE = KNContactsTests/Info.plist;
				LD_RUNPATH_SEARCH_PATHS = (
					"$(inherited)",
					"@executable_path/Frameworks",
					"@loader_path/Frameworks",
				);
				PRODUCT_BUNDLE_IDENTIFIER = com.dragosneagu.KNContactsTests;
				PRODUCT_NAME = "$(TARGET_NAME)";
				SWIFT_OBJC_BRIDGING_HEADER = "";
				SWIFT_OPTIMIZATION_LEVEL = "-Onone";
				SWIFT_VERSION = 5.0;
				TARGETED_DEVICE_FAMILY = "1,2";
			};
			name = Debug;
		};
		156E1CF7224FCBEE00D58B8F /* Release */ = {
			isa = XCBuildConfiguration;
			buildSettings = {
				ALWAYS_EMBED_SWIFT_STANDARD_LIBRARIES = YES;
				CLANG_ENABLE_MODULES = YES;
				CODE_SIGN_STYLE = Automatic;
				DEVELOPMENT_TEAM = 8UXEK92PP3;
				INFOPLIST_FILE = KNContactsTests/Info.plist;
				LD_RUNPATH_SEARCH_PATHS = (
					"$(inherited)",
					"@executable_path/Frameworks",
					"@loader_path/Frameworks",
				);
				PRODUCT_BUNDLE_IDENTIFIER = com.dragosneagu.KNContactsTests;
				PRODUCT_NAME = "$(TARGET_NAME)";
				SWIFT_OBJC_BRIDGING_HEADER = "";
				SWIFT_VERSION = 5.0;
				TARGETED_DEVICE_FAMILY = "1,2";
			};
			name = Release;
		};
/* End XCBuildConfiguration section */

/* Begin XCConfigurationList section */
		156E1CD8224FCBEE00D58B8F /* Build configuration list for PBXProject "KNContacts" */ = {
			isa = XCConfigurationList;
			buildConfigurations = (
				156E1CF0224FCBEE00D58B8F /* Debug */,
				156E1CF1224FCBEE00D58B8F /* Release */,
			);
			defaultConfigurationIsVisible = 0;
			defaultConfigurationName = Release;
		};
		156E1CF2224FCBEE00D58B8F /* Build configuration list for PBXNativeTarget "KNContacts" */ = {
			isa = XCConfigurationList;
			buildConfigurations = (
				156E1CF3224FCBEE00D58B8F /* Debug */,
				156E1CF4224FCBEE00D58B8F /* Release */,
			);
			defaultConfigurationIsVisible = 0;
			defaultConfigurationName = Release;
		};
		156E1CF5224FCBEE00D58B8F /* Build configuration list for PBXNativeTarget "KNContactsTests" */ = {
			isa = XCConfigurationList;
			buildConfigurations = (
				156E1CF6224FCBEE00D58B8F /* Debug */,
				156E1CF7224FCBEE00D58B8F /* Release */,
			);
			defaultConfigurationIsVisible = 0;
			defaultConfigurationName = Release;
		};
/* End XCConfigurationList section */
	};
	rootObject = 156E1CD5224FCBEE00D58B8F /* Project object */;
}
